
Microsoft Visual Studio Solution File, Format Version 12.00
# Visual Studio Version 17
VisualStudioVersion = 17.8.34330.188
MinimumVisualStudioVersion = 10.0.40219.1
Project("{9A19103F-16F7-4668-BE54-9A1E7A4F7556}") = "Entities", "Entities\Entities.csproj", "{7E03695A-1375-48A0-A192-E1DB47611EA9}"
EndProject
Project("{9A19103F-16F7-4668-BE54-9A1E7A4F7556}") = "Business", "Business\Business.csproj", "{E6070914-7734-4B98-897F-D82549BBB9D8}"
EndProject
Project("{FAE04EC0-301F-11D3-BF4B-00C04F79EFBC}") = "Workspace", "Workspace\Workspace.csproj", "{09E3599F-CCDB-4D49-883C-16F8BA792FF9}"
EndProject
Global
	GlobalSection(SolutionConfigurationPlatforms) = preSolution
		Debug|Any CPU = Debug|Any CPU
		Release|Any CPU = Release|Any CPU
	EndGlobalSection
	GlobalSection(ProjectConfigurationPlatforms) = postSolution
		{7E03695A-1375-48A0-A192-E1DB47611EA9}.Debug|Any CPU.ActiveCfg = Debug|Any CPU
		{7E03695A-1375-48A0-A192-E1DB47611EA9}.Debug|Any CPU.Build.0 = Debug|Any CPU
		{7E03695A-1375-48A0-A192-E1DB47611EA9}.Release|Any CPU.ActiveCfg = Release|Any CPU
		{7E03695A-1375-48A0-A192-E1DB47611EA9}.Release|Any CPU.Build.0 = Release|Any CPU
		{E6070914-7734-4B98-897F-D82549BBB9D8}.Debug|Any CPU.ActiveCfg = Debug|Any CPU
		{E6070914-7734-4B98-897F-D82549BBB9D8}.Debug|Any CPU.Build.0 = Debug|Any CPU
		{E6070914-7734-4B98-897F-D82549BBB9D8}.Release|Any CPU.ActiveCfg = Release|Any CPU
		{E6070914-7734-4B98-897F-D82549BBB9D8}.Release|Any CPU.Build.0 = Release|Any CPU
		{09E3599F-CCDB-4D49-883C-16F8BA792FF9}.Debug|Any CPU.ActiveCfg = Debug|Any CPU
		{09E3599F-CCDB-4D49-883C-16F8BA792FF9}.Debug|Any CPU.Build.0 = Debug|Any CPU
		{09E3599F-CCDB-4D49-883C-16F8BA792FF9}.Release|Any CPU.ActiveCfg = Release|Any CPU
		{09E3599F-CCDB-4D49-883C-16F8BA792FF9}.Release|Any CPU.Build.0 = Release|Any CPU
	EndGlobalSection
	GlobalSection(SolutionProperties) = preSolution
		HideSolutionNode = FALSE
	EndGlobalSection
	GlobalSection(ExtensibilityGlobals) = postSolution
		SolutionGuid = {F6C284F8-638A-4451-A115-D2DFBF19AC28}
	EndGlobalSection
EndGlobal
